
Microsoft Visual Studio Solution File, Format Version 12.00
# Visual Studio 15
VisualStudioVersion = 15.0.28307.572
MinimumVisualStudioVersion = 10.0.40219.1
Project("{2150E333-8FDC-42A3-9474-1A3956D46DE8}") = "Apps", "Apps", "{E7E57EF0-BEA1-4767-8CD5-7B76A58BEEE6}"
EndProject
Project("{FAE04EC0-301F-11D3-BF4B-00C04F79EFBC}") = "RewriteMe.Mobile.Android", "Apps\RewriteMe.Mobile.Android\RewriteMe.Mobile.Android.csproj", "{3EF795BA-CD86-4E97-8C74-1A23DA526256}"
EndProject
Project("{9A19103F-16F7-4668-BE54-9A1E7A4F7556}") = "RewriteMe.Mobile", "Apps\RewriteMe.Mobile\RewriteMe.Mobile.csproj", "{33FC372F-B17A-4E0B-8176-867D01C399FB}"
EndProject
Project("{FAE04EC0-301F-11D3-BF4B-00C04F79EFBC}") = "RewriteMe.Mobile.iOS", "Apps\RewriteMe.Mobile.iOS\RewriteMe.Mobile.iOS.csproj", "{94875BDE-83DA-4D22-8D11-3774B892AAAD}"
EndProject
Project("{2150E333-8FDC-42A3-9474-1A3956D46DE8}") = "Components", "Components", "{6943FBF5-45EE-47B0-B876-E9D6D1D396D6}"
EndProject
Project("{FAE04EC0-301F-11D3-BF4B-00C04F79EFBC}") = "RewriteMe.Business", "Components\RewriteMe.Business\RewriteMe.Business.csproj", "{0C0379FC-7A0D-481A-A99E-45B1F054017D}"
EndProject
Project("{9A19103F-16F7-4668-BE54-9A1E7A4F7556}") = "RewriteMe.Common", "Components\RewriteMe.Common\RewriteMe.Common.csproj", "{80E67D24-8D03-4164-B39D-A7CE041D8A68}"
EndProject
Project("{9A19103F-16F7-4668-BE54-9A1E7A4F7556}") = "RewriteMe.DataAccess", "Components\RewriteMe.DataAccess\RewriteMe.DataAccess.csproj", "{81434F81-B2D0-405B-9DFB-5DD268E7A7CD}"
EndProject
Project("{FAE04EC0-301F-11D3-BF4B-00C04F79EFBC}") = "RewriteMe.Domain", "Components\RewriteMe.Domain\RewriteMe.Domain.csproj", "{348412EC-A4F4-4C5C-852A-FB0EEF53E867}"
EndProject
Project("{2150E333-8FDC-42A3-9474-1A3956D46DE8}") = "_global", "_global", "{A90414C9-A9E0-4498-A485-50ADE2AB779E}"
	ProjectSection(SolutionItems) = preProject
		Global\AssemblyInfo.cs = Global\AssemblyInfo.cs
		Global\RewriteMe.CodeAnalysis.ruleset = Global\RewriteMe.CodeAnalysis.ruleset
	EndProjectSection
EndProject
Project("{9A19103F-16F7-4668-BE54-9A1E7A4F7556}") = "RewriteMe.Resources", "Components\RewriteMe.Resources\RewriteMe.Resources.csproj", "{DDCFB92A-B5DA-45CA-99F3-B868BAC6C33A}"
EndProject
Project("{FAE04EC0-301F-11D3-BF4B-00C04F79EFBC}") = "RewriteMe.Logging", "Components\RewriteMe.Logging\RewriteMe.Logging.csproj", "{C14D362E-F2D5-48C2-8FDC-061DDA47C17E}"
EndProject
Global
	GlobalSection(SolutionConfigurationPlatforms) = preSolution
		Ad-Hoc|Any CPU = Ad-Hoc|Any CPU
		Ad-Hoc|iPhone = Ad-Hoc|iPhone
		Ad-Hoc|iPhoneSimulator = Ad-Hoc|iPhoneSimulator
		AppStore|Any CPU = AppStore|Any CPU
		AppStore|iPhone = AppStore|iPhone
		AppStore|iPhoneSimulator = AppStore|iPhoneSimulator
		Debug|Any CPU = Debug|Any CPU
		Debug|iPhone = Debug|iPhone
		Debug|iPhoneSimulator = Debug|iPhoneSimulator
		Release|Any CPU = Release|Any CPU
		Release|iPhone = Release|iPhone
		Release|iPhoneSimulator = Release|iPhoneSimulator
	EndGlobalSection
	GlobalSection(ProjectConfigurationPlatforms) = postSolution
		{3EF795BA-CD86-4E97-8C74-1A23DA526256}.Ad-Hoc|Any CPU.ActiveCfg = Release|Any CPU
		{3EF795BA-CD86-4E97-8C74-1A23DA526256}.Ad-Hoc|Any CPU.Build.0 = Release|Any CPU
		{3EF795BA-CD86-4E97-8C74-1A23DA526256}.Ad-Hoc|Any CPU.Deploy.0 = Release|Any CPU
		{3EF795BA-CD86-4E97-8C74-1A23DA526256}.Ad-Hoc|iPhone.ActiveCfg = Release|Any CPU
		{3EF795BA-CD86-4E97-8C74-1A23DA526256}.Ad-Hoc|iPhone.Build.0 = Release|Any CPU
		{3EF795BA-CD86-4E97-8C74-1A23DA526256}.Ad-Hoc|iPhone.Deploy.0 = Release|Any CPU
		{3EF795BA-CD86-4E97-8C74-1A23DA526256}.Ad-Hoc|iPhoneSimulator.ActiveCfg = Release|Any CPU
		{3EF795BA-CD86-4E97-8C74-1A23DA526256}.Ad-Hoc|iPhoneSimulator.Build.0 = Release|Any CPU
		{3EF795BA-CD86-4E97-8C74-1A23DA526256}.Ad-Hoc|iPhoneSimulator.Deploy.0 = Release|Any CPU
		{3EF795BA-CD86-4E97-8C74-1A23DA526256}.AppStore|Any CPU.ActiveCfg = Release|Any CPU
		{3EF795BA-CD86-4E97-8C74-1A23DA526256}.AppStore|Any CPU.Build.0 = Release|Any CPU
		{3EF795BA-CD86-4E97-8C74-1A23DA526256}.AppStore|Any CPU.Deploy.0 = Release|Any CPU
		{3EF795BA-CD86-4E97-8C74-1A23DA526256}.AppStore|iPhone.ActiveCfg = Release|Any CPU
		{3EF795BA-CD86-4E97-8C74-1A23DA526256}.AppStore|iPhone.Build.0 = Release|Any CPU
		{3EF795BA-CD86-4E97-8C74-1A23DA526256}.AppStore|iPhone.Deploy.0 = Release|Any CPU
		{3EF795BA-CD86-4E97-8C74-1A23DA526256}.AppStore|iPhoneSimulator.ActiveCfg = Release|Any CPU
		{3EF795BA-CD86-4E97-8C74-1A23DA526256}.AppStore|iPhoneSimulator.Build.0 = Release|Any CPU
		{3EF795BA-CD86-4E97-8C74-1A23DA526256}.AppStore|iPhoneSimulator.Deploy.0 = Release|Any CPU
		{3EF795BA-CD86-4E97-8C74-1A23DA526256}.Debug|Any CPU.ActiveCfg = Debug|Any CPU
		{3EF795BA-CD86-4E97-8C74-1A23DA526256}.Debug|Any CPU.Build.0 = Debug|Any CPU
		{3EF795BA-CD86-4E97-8C74-1A23DA526256}.Debug|Any CPU.Deploy.0 = Debug|Any CPU
		{3EF795BA-CD86-4E97-8C74-1A23DA526256}.Debug|iPhone.ActiveCfg = Debug|Any CPU
		{3EF795BA-CD86-4E97-8C74-1A23DA526256}.Debug|iPhone.Build.0 = Debug|Any CPU
		{3EF795BA-CD86-4E97-8C74-1A23DA526256}.Debug|iPhone.Deploy.0 = Debug|Any CPU
		{3EF795BA-CD86-4E97-8C74-1A23DA526256}.Debug|iPhoneSimulator.ActiveCfg = Debug|Any CPU
		{3EF795BA-CD86-4E97-8C74-1A23DA526256}.Debug|iPhoneSimulator.Build.0 = Debug|Any CPU
		{3EF795BA-CD86-4E97-8C74-1A23DA526256}.Debug|iPhoneSimulator.Deploy.0 = Debug|Any CPU
		{3EF795BA-CD86-4E97-8C74-1A23DA526256}.Release|Any CPU.ActiveCfg = Release|Any CPU
		{3EF795BA-CD86-4E97-8C74-1A23DA526256}.Release|Any CPU.Build.0 = Release|Any CPU
		{3EF795BA-CD86-4E97-8C74-1A23DA526256}.Release|Any CPU.Deploy.0 = Release|Any CPU
		{3EF795BA-CD86-4E97-8C74-1A23DA526256}.Release|iPhone.ActiveCfg = Release|Any CPU
		{3EF795BA-CD86-4E97-8C74-1A23DA526256}.Release|iPhone.Build.0 = Release|Any CPU
		{3EF795BA-CD86-4E97-8C74-1A23DA526256}.Release|iPhone.Deploy.0 = Release|Any CPU
		{3EF795BA-CD86-4E97-8C74-1A23DA526256}.Release|iPhoneSimulator.ActiveCfg = Release|Any CPU
		{3EF795BA-CD86-4E97-8C74-1A23DA526256}.Release|iPhoneSimulator.Build.0 = Release|Any CPU
		{3EF795BA-CD86-4E97-8C74-1A23DA526256}.Release|iPhoneSimulator.Deploy.0 = Release|Any CPU
		{33FC372F-B17A-4E0B-8176-867D01C399FB}.Ad-Hoc|Any CPU.ActiveCfg = Release|Any CPU
		{33FC372F-B17A-4E0B-8176-867D01C399FB}.Ad-Hoc|Any CPU.Build.0 = Release|Any CPU
		{33FC372F-B17A-4E0B-8176-867D01C399FB}.Ad-Hoc|iPhone.ActiveCfg = Release|Any CPU
		{33FC372F-B17A-4E0B-8176-867D01C399FB}.Ad-Hoc|iPhone.Build.0 = Release|Any CPU
		{33FC372F-B17A-4E0B-8176-867D01C399FB}.Ad-Hoc|iPhoneSimulator.ActiveCfg = Release|Any CPU
		{33FC372F-B17A-4E0B-8176-867D01C399FB}.Ad-Hoc|iPhoneSimulator.Build.0 = Release|Any CPU
		{33FC372F-B17A-4E0B-8176-867D01C399FB}.AppStore|Any CPU.ActiveCfg = Release|Any CPU
		{33FC372F-B17A-4E0B-8176-867D01C399FB}.AppStore|Any CPU.Build.0 = Release|Any CPU
		{33FC372F-B17A-4E0B-8176-867D01C399FB}.AppStore|iPhone.ActiveCfg = Release|Any CPU
		{33FC372F-B17A-4E0B-8176-867D01C399FB}.AppStore|iPhone.Build.0 = Release|Any CPU
		{33FC372F-B17A-4E0B-8176-867D01C399FB}.AppStore|iPhoneSimulator.ActiveCfg = Release|Any CPU
		{33FC372F-B17A-4E0B-8176-867D01C399FB}.AppStore|iPhoneSimulator.Build.0 = Release|Any CPU
		{33FC372F-B17A-4E0B-8176-867D01C399FB}.Debug|Any CPU.ActiveCfg = Debug|Any CPU
		{33FC372F-B17A-4E0B-8176-867D01C399FB}.Debug|Any CPU.Build.0 = Debug|Any CPU
		{33FC372F-B17A-4E0B-8176-867D01C399FB}.Debug|iPhone.ActiveCfg = Debug|Any CPU
		{33FC372F-B17A-4E0B-8176-867D01C399FB}.Debug|iPhone.Build.0 = Debug|Any CPU
		{33FC372F-B17A-4E0B-8176-867D01C399FB}.Debug|iPhoneSimulator.ActiveCfg = Debug|Any CPU
		{33FC372F-B17A-4E0B-8176-867D01C399FB}.Debug|iPhoneSimulator.Build.0 = Debug|Any CPU
		{33FC372F-B17A-4E0B-8176-867D01C399FB}.Release|Any CPU.ActiveCfg = Release|Any CPU
		{33FC372F-B17A-4E0B-8176-867D01C399FB}.Release|Any CPU.Build.0 = Release|Any CPU
		{33FC372F-B17A-4E0B-8176-867D01C399FB}.Release|iPhone.ActiveCfg = Release|Any CPU
		{33FC372F-B17A-4E0B-8176-867D01C399FB}.Release|iPhone.Build.0 = Release|Any CPU
		{33FC372F-B17A-4E0B-8176-867D01C399FB}.Release|iPhoneSimulator.ActiveCfg = Release|Any CPU
		{33FC372F-B17A-4E0B-8176-867D01C399FB}.Release|iPhoneSimulator.Build.0 = Release|Any CPU
		{94875BDE-83DA-4D22-8D11-3774B892AAAD}.Ad-Hoc|Any CPU.ActiveCfg = Ad-Hoc|iPhone
		{94875BDE-83DA-4D22-8D11-3774B892AAAD}.Ad-Hoc|iPhone.ActiveCfg = Ad-Hoc|iPhone
		{94875BDE-83DA-4D22-8D11-3774B892AAAD}.Ad-Hoc|iPhone.Build.0 = Ad-Hoc|iPhone
		{94875BDE-83DA-4D22-8D11-3774B892AAAD}.Ad-Hoc|iPhoneSimulator.ActiveCfg = Ad-Hoc|iPhoneSimulator
		{94875BDE-83DA-4D22-8D11-3774B892AAAD}.Ad-Hoc|iPhoneSimulator.Build.0 = Ad-Hoc|iPhoneSimulator
		{94875BDE-83DA-4D22-8D11-3774B892AAAD}.AppStore|Any CPU.ActiveCfg = AppStore|iPhone
		{94875BDE-83DA-4D22-8D11-3774B892AAAD}.AppStore|iPhone.ActiveCfg = AppStore|iPhone
		{94875BDE-83DA-4D22-8D11-3774B892AAAD}.AppStore|iPhone.Build.0 = AppStore|iPhone
		{94875BDE-83DA-4D22-8D11-3774B892AAAD}.AppStore|iPhoneSimulator.ActiveCfg = AppStore|iPhoneSimulator
		{94875BDE-83DA-4D22-8D11-3774B892AAAD}.AppStore|iPhoneSimulator.Build.0 = AppStore|iPhoneSimulator
		{94875BDE-83DA-4D22-8D11-3774B892AAAD}.Debug|Any CPU.ActiveCfg = Debug|iPhone
		{94875BDE-83DA-4D22-8D11-3774B892AAAD}.Debug|iPhone.ActiveCfg = Debug|iPhone
		{94875BDE-83DA-4D22-8D11-3774B892AAAD}.Debug|iPhone.Build.0 = Debug|iPhone
		{94875BDE-83DA-4D22-8D11-3774B892AAAD}.Debug|iPhoneSimulator.ActiveCfg = Debug|iPhoneSimulator
		{94875BDE-83DA-4D22-8D11-3774B892AAAD}.Debug|iPhoneSimulator.Build.0 = Debug|iPhoneSimulator
		{94875BDE-83DA-4D22-8D11-3774B892AAAD}.Release|Any CPU.ActiveCfg = Release|iPhone
		{94875BDE-83DA-4D22-8D11-3774B892AAAD}.Release|iPhone.ActiveCfg = Release|iPhone
		{94875BDE-83DA-4D22-8D11-3774B892AAAD}.Release|iPhone.Build.0 = Release|iPhone
		{94875BDE-83DA-4D22-8D11-3774B892AAAD}.Release|iPhoneSimulator.ActiveCfg = Release|iPhoneSimulator
		{94875BDE-83DA-4D22-8D11-3774B892AAAD}.Release|iPhoneSimulator.Build.0 = Release|iPhoneSimulator
		{0C0379FC-7A0D-481A-A99E-45B1F054017D}.Ad-Hoc|Any CPU.ActiveCfg = Debug|Any CPU
		{0C0379FC-7A0D-481A-A99E-45B1F054017D}.Ad-Hoc|Any CPU.Build.0 = Debug|Any CPU
		{0C0379FC-7A0D-481A-A99E-45B1F054017D}.Ad-Hoc|iPhone.ActiveCfg = Debug|Any CPU
		{0C0379FC-7A0D-481A-A99E-45B1F054017D}.Ad-Hoc|iPhone.Build.0 = Debug|Any CPU
		{0C0379FC-7A0D-481A-A99E-45B1F054017D}.Ad-Hoc|iPhoneSimulator.ActiveCfg = Debug|Any CPU
		{0C0379FC-7A0D-481A-A99E-45B1F054017D}.Ad-Hoc|iPhoneSimulator.Build.0 = Debug|Any CPU
		{0C0379FC-7A0D-481A-A99E-45B1F054017D}.AppStore|Any CPU.ActiveCfg = Debug|Any CPU
		{0C0379FC-7A0D-481A-A99E-45B1F054017D}.AppStore|Any CPU.Build.0 = Debug|Any CPU
		{0C0379FC-7A0D-481A-A99E-45B1F054017D}.AppStore|iPhone.ActiveCfg = Debug|Any CPU
		{0C0379FC-7A0D-481A-A99E-45B1F054017D}.AppStore|iPhone.Build.0 = Debug|Any CPU
		{0C0379FC-7A0D-481A-A99E-45B1F054017D}.AppStore|iPhoneSimulator.ActiveCfg = Debug|Any CPU
		{0C0379FC-7A0D-481A-A99E-45B1F054017D}.AppStore|iPhoneSimulator.Build.0 = Debug|Any CPU
		{0C0379FC-7A0D-481A-A99E-45B1F054017D}.Debug|Any CPU.ActiveCfg = Debug|Any CPU
		{0C0379FC-7A0D-481A-A99E-45B1F054017D}.Debug|Any CPU.Build.0 = Debug|Any CPU
		{0C0379FC-7A0D-481A-A99E-45B1F054017D}.Debug|iPhone.ActiveCfg = Debug|Any CPU
		{0C0379FC-7A0D-481A-A99E-45B1F054017D}.Debug|iPhone.Build.0 = Debug|Any CPU
		{0C0379FC-7A0D-481A-A99E-45B1F054017D}.Debug|iPhoneSimulator.ActiveCfg = Debug|Any CPU
		{0C0379FC-7A0D-481A-A99E-45B1F054017D}.Debug|iPhoneSimulator.Build.0 = Debug|Any CPU
		{0C0379FC-7A0D-481A-A99E-45B1F054017D}.Release|Any CPU.ActiveCfg = Release|Any CPU
		{0C0379FC-7A0D-481A-A99E-45B1F054017D}.Release|Any CPU.Build.0 = Release|Any CPU
		{0C0379FC-7A0D-481A-A99E-45B1F054017D}.Release|iPhone.ActiveCfg = Release|Any CPU
		{0C0379FC-7A0D-481A-A99E-45B1F054017D}.Release|iPhone.Build.0 = Release|Any CPU
		{0C0379FC-7A0D-481A-A99E-45B1F054017D}.Release|iPhoneSimulator.ActiveCfg = Release|Any CPU
		{0C0379FC-7A0D-481A-A99E-45B1F054017D}.Release|iPhoneSimulator.Build.0 = Release|Any CPU
		{80E67D24-8D03-4164-B39D-A7CE041D8A68}.Ad-Hoc|Any CPU.ActiveCfg = Debug|Any CPU
		{80E67D24-8D03-4164-B39D-A7CE041D8A68}.Ad-Hoc|Any CPU.Build.0 = Debug|Any CPU
		{80E67D24-8D03-4164-B39D-A7CE041D8A68}.Ad-Hoc|iPhone.ActiveCfg = Debug|Any CPU
		{80E67D24-8D03-4164-B39D-A7CE041D8A68}.Ad-Hoc|iPhone.Build.0 = Debug|Any CPU
		{80E67D24-8D03-4164-B39D-A7CE041D8A68}.Ad-Hoc|iPhoneSimulator.ActiveCfg = Debug|Any CPU
		{80E67D24-8D03-4164-B39D-A7CE041D8A68}.Ad-Hoc|iPhoneSimulator.Build.0 = Debug|Any CPU
		{80E67D24-8D03-4164-B39D-A7CE041D8A68}.AppStore|Any CPU.ActiveCfg = Debug|Any CPU
		{80E67D24-8D03-4164-B39D-A7CE041D8A68}.AppStore|Any CPU.Build.0 = Debug|Any CPU
		{80E67D24-8D03-4164-B39D-A7CE041D8A68}.AppStore|iPhone.ActiveCfg = Debug|Any CPU
		{80E67D24-8D03-4164-B39D-A7CE041D8A68}.AppStore|iPhone.Build.0 = Debug|Any CPU
		{80E67D24-8D03-4164-B39D-A7CE041D8A68}.AppStore|iPhoneSimulator.ActiveCfg = Debug|Any CPU
		{80E67D24-8D03-4164-B39D-A7CE041D8A68}.AppStore|iPhoneSimulator.Build.0 = Debug|Any CPU
		{80E67D24-8D03-4164-B39D-A7CE041D8A68}.Debug|Any CPU.ActiveCfg = Debug|Any CPU
		{80E67D24-8D03-4164-B39D-A7CE041D8A68}.Debug|Any CPU.Build.0 = Debug|Any CPU
		{80E67D24-8D03-4164-B39D-A7CE041D8A68}.Debug|iPhone.ActiveCfg = Debug|Any CPU
		{80E67D24-8D03-4164-B39D-A7CE041D8A68}.Debug|iPhone.Build.0 = Debug|Any CPU
		{80E67D24-8D03-4164-B39D-A7CE041D8A68}.Debug|iPhoneSimulator.ActiveCfg = Debug|Any CPU
		{80E67D24-8D03-4164-B39D-A7CE041D8A68}.Debug|iPhoneSimulator.Build.0 = Debug|Any CPU
		{80E67D24-8D03-4164-B39D-A7CE041D8A68}.Release|Any CPU.ActiveCfg = Release|Any CPU
		{80E67D24-8D03-4164-B39D-A7CE041D8A68}.Release|Any CPU.Build.0 = Release|Any CPU
		{80E67D24-8D03-4164-B39D-A7CE041D8A68}.Release|iPhone.ActiveCfg = Release|Any CPU
		{80E67D24-8D03-4164-B39D-A7CE041D8A68}.Release|iPhone.Build.0 = Release|Any CPU
		{80E67D24-8D03-4164-B39D-A7CE041D8A68}.Release|iPhoneSimulator.ActiveCfg = Release|Any CPU
		{80E67D24-8D03-4164-B39D-A7CE041D8A68}.Release|iPhoneSimulator.Build.0 = Release|Any CPU
		{81434F81-B2D0-405B-9DFB-5DD268E7A7CD}.Ad-Hoc|Any CPU.ActiveCfg = Debug|Any CPU
		{81434F81-B2D0-405B-9DFB-5DD268E7A7CD}.Ad-Hoc|Any CPU.Build.0 = Debug|Any CPU
		{81434F81-B2D0-405B-9DFB-5DD268E7A7CD}.Ad-Hoc|iPhone.ActiveCfg = Debug|Any CPU
		{81434F81-B2D0-405B-9DFB-5DD268E7A7CD}.Ad-Hoc|iPhone.Build.0 = Debug|Any CPU
		{81434F81-B2D0-405B-9DFB-5DD268E7A7CD}.Ad-Hoc|iPhoneSimulator.ActiveCfg = Debug|Any CPU
		{81434F81-B2D0-405B-9DFB-5DD268E7A7CD}.Ad-Hoc|iPhoneSimulator.Build.0 = Debug|Any CPU
		{81434F81-B2D0-405B-9DFB-5DD268E7A7CD}.AppStore|Any CPU.ActiveCfg = Debug|Any CPU
		{81434F81-B2D0-405B-9DFB-5DD268E7A7CD}.AppStore|Any CPU.Build.0 = Debug|Any CPU
		{81434F81-B2D0-405B-9DFB-5DD268E7A7CD}.AppStore|iPhone.ActiveCfg = Debug|Any CPU
		{81434F81-B2D0-405B-9DFB-5DD268E7A7CD}.AppStore|iPhone.Build.0 = Debug|Any CPU
		{81434F81-B2D0-405B-9DFB-5DD268E7A7CD}.AppStore|iPhoneSimulator.ActiveCfg = Debug|Any CPU
		{81434F81-B2D0-405B-9DFB-5DD268E7A7CD}.AppStore|iPhoneSimulator.Build.0 = Debug|Any CPU
		{81434F81-B2D0-405B-9DFB-5DD268E7A7CD}.Debug|Any CPU.ActiveCfg = Debug|Any CPU
		{81434F81-B2D0-405B-9DFB-5DD268E7A7CD}.Debug|Any CPU.Build.0 = Debug|Any CPU
		{81434F81-B2D0-405B-9DFB-5DD268E7A7CD}.Debug|iPhone.ActiveCfg = Debug|Any CPU
		{81434F81-B2D0-405B-9DFB-5DD268E7A7CD}.Debug|iPhone.Build.0 = Debug|Any CPU
		{81434F81-B2D0-405B-9DFB-5DD268E7A7CD}.Debug|iPhoneSimulator.ActiveCfg = Debug|Any CPU
		{81434F81-B2D0-405B-9DFB-5DD268E7A7CD}.Debug|iPhoneSimulator.Build.0 = Debug|Any CPU
		{81434F81-B2D0-405B-9DFB-5DD268E7A7CD}.Release|Any CPU.ActiveCfg = Release|Any CPU
		{81434F81-B2D0-405B-9DFB-5DD268E7A7CD}.Release|Any CPU.Build.0 = Release|Any CPU
		{81434F81-B2D0-405B-9DFB-5DD268E7A7CD}.Release|iPhone.ActiveCfg = Release|Any CPU
		{81434F81-B2D0-405B-9DFB-5DD268E7A7CD}.Release|iPhone.Build.0 = Release|Any CPU
		{81434F81-B2D0-405B-9DFB-5DD268E7A7CD}.Release|iPhoneSimulator.ActiveCfg = Release|Any CPU
		{81434F81-B2D0-405B-9DFB-5DD268E7A7CD}.Release|iPhoneSimulator.Build.0 = Release|Any CPU
		{348412EC-A4F4-4C5C-852A-FB0EEF53E867}.Ad-Hoc|Any CPU.ActiveCfg = Debug|Any CPU
		{348412EC-A4F4-4C5C-852A-FB0EEF53E867}.Ad-Hoc|Any CPU.Build.0 = Debug|Any CPU
		{348412EC-A4F4-4C5C-852A-FB0EEF53E867}.Ad-Hoc|iPhone.ActiveCfg = Debug|Any CPU
		{348412EC-A4F4-4C5C-852A-FB0EEF53E867}.Ad-Hoc|iPhone.Build.0 = Debug|Any CPU
		{348412EC-A4F4-4C5C-852A-FB0EEF53E867}.Ad-Hoc|iPhoneSimulator.ActiveCfg = Debug|Any CPU
		{348412EC-A4F4-4C5C-852A-FB0EEF53E867}.Ad-Hoc|iPhoneSimulator.Build.0 = Debug|Any CPU
		{348412EC-A4F4-4C5C-852A-FB0EEF53E867}.AppStore|Any CPU.ActiveCfg = Debug|Any CPU
		{348412EC-A4F4-4C5C-852A-FB0EEF53E867}.AppStore|Any CPU.Build.0 = Debug|Any CPU
		{348412EC-A4F4-4C5C-852A-FB0EEF53E867}.AppStore|iPhone.ActiveCfg = Debug|Any CPU
		{348412EC-A4F4-4C5C-852A-FB0EEF53E867}.AppStore|iPhone.Build.0 = Debug|Any CPU
		{348412EC-A4F4-4C5C-852A-FB0EEF53E867}.AppStore|iPhoneSimulator.ActiveCfg = Debug|Any CPU
		{348412EC-A4F4-4C5C-852A-FB0EEF53E867}.AppStore|iPhoneSimulator.Build.0 = Debug|Any CPU
		{348412EC-A4F4-4C5C-852A-FB0EEF53E867}.Debug|Any CPU.ActiveCfg = Debug|Any CPU
		{348412EC-A4F4-4C5C-852A-FB0EEF53E867}.Debug|Any CPU.Build.0 = Debug|Any CPU
		{348412EC-A4F4-4C5C-852A-FB0EEF53E867}.Debug|iPhone.ActiveCfg = Debug|Any CPU
		{348412EC-A4F4-4C5C-852A-FB0EEF53E867}.Debug|iPhone.Build.0 = Debug|Any CPU
		{348412EC-A4F4-4C5C-852A-FB0EEF53E867}.Debug|iPhoneSimulator.ActiveCfg = Debug|Any CPU
		{348412EC-A4F4-4C5C-852A-FB0EEF53E867}.Debug|iPhoneSimulator.Build.0 = Debug|Any CPU
		{348412EC-A4F4-4C5C-852A-FB0EEF53E867}.Release|Any CPU.ActiveCfg = Release|Any CPU
		{348412EC-A4F4-4C5C-852A-FB0EEF53E867}.Release|Any CPU.Build.0 = Release|Any CPU
		{348412EC-A4F4-4C5C-852A-FB0EEF53E867}.Release|iPhone.ActiveCfg = Release|Any CPU
		{348412EC-A4F4-4C5C-852A-FB0EEF53E867}.Release|iPhone.Build.0 = Release|Any CPU
		{348412EC-A4F4-4C5C-852A-FB0EEF53E867}.Release|iPhoneSimulator.ActiveCfg = Release|Any CPU
		{348412EC-A4F4-4C5C-852A-FB0EEF53E867}.Release|iPhoneSimulator.Build.0 = Release|Any CPU
		{DDCFB92A-B5DA-45CA-99F3-B868BAC6C33A}.Ad-Hoc|Any CPU.ActiveCfg = Debug|Any CPU
		{DDCFB92A-B5DA-45CA-99F3-B868BAC6C33A}.Ad-Hoc|Any CPU.Build.0 = Debug|Any CPU
		{DDCFB92A-B5DA-45CA-99F3-B868BAC6C33A}.Ad-Hoc|iPhone.ActiveCfg = Debug|Any CPU
		{DDCFB92A-B5DA-45CA-99F3-B868BAC6C33A}.Ad-Hoc|iPhone.Build.0 = Debug|Any CPU
		{DDCFB92A-B5DA-45CA-99F3-B868BAC6C33A}.Ad-Hoc|iPhoneSimulator.ActiveCfg = Debug|Any CPU
		{DDCFB92A-B5DA-45CA-99F3-B868BAC6C33A}.Ad-Hoc|iPhoneSimulator.Build.0 = Debug|Any CPU
		{DDCFB92A-B5DA-45CA-99F3-B868BAC6C33A}.AppStore|Any CPU.ActiveCfg = Debug|Any CPU
		{DDCFB92A-B5DA-45CA-99F3-B868BAC6C33A}.AppStore|Any CPU.Build.0 = Debug|Any CPU
		{DDCFB92A-B5DA-45CA-99F3-B868BAC6C33A}.AppStore|iPhone.ActiveCfg = Debug|Any CPU
		{DDCFB92A-B5DA-45CA-99F3-B868BAC6C33A}.AppStore|iPhone.Build.0 = Debug|Any CPU
		{DDCFB92A-B5DA-45CA-99F3-B868BAC6C33A}.AppStore|iPhoneSimulator.ActiveCfg = Debug|Any CPU
		{DDCFB92A-B5DA-45CA-99F3-B868BAC6C33A}.AppStore|iPhoneSimulator.Build.0 = Debug|Any CPU
		{DDCFB92A-B5DA-45CA-99F3-B868BAC6C33A}.Debug|Any CPU.ActiveCfg = Debug|Any CPU
		{DDCFB92A-B5DA-45CA-99F3-B868BAC6C33A}.Debug|Any CPU.Build.0 = Debug|Any CPU
		{DDCFB92A-B5DA-45CA-99F3-B868BAC6C33A}.Debug|iPhone.ActiveCfg = Debug|Any CPU
		{DDCFB92A-B5DA-45CA-99F3-B868BAC6C33A}.Debug|iPhone.Build.0 = Debug|Any CPU
		{DDCFB92A-B5DA-45CA-99F3-B868BAC6C33A}.Debug|iPhoneSimulator.ActiveCfg = Debug|Any CPU
		{DDCFB92A-B5DA-45CA-99F3-B868BAC6C33A}.Debug|iPhoneSimulator.Build.0 = Debug|Any CPU
		{DDCFB92A-B5DA-45CA-99F3-B868BAC6C33A}.Release|Any CPU.ActiveCfg = Release|Any CPU
		{DDCFB92A-B5DA-45CA-99F3-B868BAC6C33A}.Release|Any CPU.Build.0 = Release|Any CPU
		{DDCFB92A-B5DA-45CA-99F3-B868BAC6C33A}.Release|iPhone.ActiveCfg = Release|Any CPU
		{DDCFB92A-B5DA-45CA-99F3-B868BAC6C33A}.Release|iPhone.Build.0 = Release|Any CPU
		{DDCFB92A-B5DA-45CA-99F3-B868BAC6C33A}.Release|iPhoneSimulator.ActiveCfg = Release|Any CPU
		{DDCFB92A-B5DA-45CA-99F3-B868BAC6C33A}.Release|iPhoneSimulator.Build.0 = Release|Any CPU
		{C14D362E-F2D5-48C2-8FDC-061DDA47C17E}.Ad-Hoc|Any CPU.ActiveCfg = Debug|Any CPU
		{C14D362E-F2D5-48C2-8FDC-061DDA47C17E}.Ad-Hoc|Any CPU.Build.0 = Debug|Any CPU
		{C14D362E-F2D5-48C2-8FDC-061DDA47C17E}.Ad-Hoc|iPhone.ActiveCfg = Debug|Any CPU
		{C14D362E-F2D5-48C2-8FDC-061DDA47C17E}.Ad-Hoc|iPhone.Build.0 = Debug|Any CPU
		{C14D362E-F2D5-48C2-8FDC-061DDA47C17E}.Ad-Hoc|iPhoneSimulator.ActiveCfg = Debug|Any CPU
		{C14D362E-F2D5-48C2-8FDC-061DDA47C17E}.Ad-Hoc|iPhoneSimulator.Build.0 = Debug|Any CPU
		{C14D362E-F2D5-48C2-8FDC-061DDA47C17E}.AppStore|Any CPU.ActiveCfg = Debug|Any CPU
		{C14D362E-F2D5-48C2-8FDC-061DDA47C17E}.AppStore|Any CPU.Build.0 = Debug|Any CPU
		{C14D362E-F2D5-48C2-8FDC-061DDA47C17E}.AppStore|iPhone.ActiveCfg = Debug|Any CPU
		{C14D362E-F2D5-48C2-8FDC-061DDA47C17E}.AppStore|iPhone.Build.0 = Debug|Any CPU
		{C14D362E-F2D5-48C2-8FDC-061DDA47C17E}.AppStore|iPhoneSimulator.ActiveCfg = Debug|Any CPU
		{C14D362E-F2D5-48C2-8FDC-061DDA47C17E}.AppStore|iPhoneSimulator.Build.0 = Debug|Any CPU
		{C14D362E-F2D5-48C2-8FDC-061DDA47C17E}.Debug|Any CPU.ActiveCfg = Debug|Any CPU
		{C14D362E-F2D5-48C2-8FDC-061DDA47C17E}.Debug|Any CPU.Build.0 = Debug|Any CPU
		{C14D362E-F2D5-48C2-8FDC-061DDA47C17E}.Debug|iPhone.ActiveCfg = Debug|Any CPU
		{C14D362E-F2D5-48C2-8FDC-061DDA47C17E}.Debug|iPhone.Build.0 = Debug|Any CPU
		{C14D362E-F2D5-48C2-8FDC-061DDA47C17E}.Debug|iPhoneSimulator.ActiveCfg = Debug|Any CPU
		{C14D362E-F2D5-48C2-8FDC-061DDA47C17E}.Debug|iPhoneSimulator.Build.0 = Debug|Any CPU
		{C14D362E-F2D5-48C2-8FDC-061DDA47C17E}.Release|Any CPU.ActiveCfg = Release|Any CPU
		{C14D362E-F2D5-48C2-8FDC-061DDA47C17E}.Release|Any CPU.Build.0 = Release|Any CPU
		{C14D362E-F2D5-48C2-8FDC-061DDA47C17E}.Release|iPhone.ActiveCfg = Release|Any CPU
		{C14D362E-F2D5-48C2-8FDC-061DDA47C17E}.Release|iPhone.Build.0 = Release|Any CPU
		{C14D362E-F2D5-48C2-8FDC-061DDA47C17E}.Release|iPhoneSimulator.ActiveCfg = Release|Any CPU
		{C14D362E-F2D5-48C2-8FDC-061DDA47C17E}.Release|iPhoneSimulator.Build.0 = Release|Any CPU
	EndGlobalSection
	GlobalSection(SolutionProperties) = preSolution
		HideSolutionNode = FALSE
	EndGlobalSection
	GlobalSection(NestedProjects) = preSolution
		{3EF795BA-CD86-4E97-8C74-1A23DA526256} = {E7E57EF0-BEA1-4767-8CD5-7B76A58BEEE6}
		{33FC372F-B17A-4E0B-8176-867D01C399FB} = {E7E57EF0-BEA1-4767-8CD5-7B76A58BEEE6}
		{94875BDE-83DA-4D22-8D11-3774B892AAAD} = {E7E57EF0-BEA1-4767-8CD5-7B76A58BEEE6}
		{0C0379FC-7A0D-481A-A99E-45B1F054017D} = {6943FBF5-45EE-47B0-B876-E9D6D1D396D6}
		{80E67D24-8D03-4164-B39D-A7CE041D8A68} = {6943FBF5-45EE-47B0-B876-E9D6D1D396D6}
		{81434F81-B2D0-405B-9DFB-5DD268E7A7CD} = {6943FBF5-45EE-47B0-B876-E9D6D1D396D6}
		{348412EC-A4F4-4C5C-852A-FB0EEF53E867} = {6943FBF5-45EE-47B0-B876-E9D6D1D396D6}
		{DDCFB92A-B5DA-45CA-99F3-B868BAC6C33A} = {6943FBF5-45EE-47B0-B876-E9D6D1D396D6}
		{C14D362E-F2D5-48C2-8FDC-061DDA47C17E} = {6943FBF5-45EE-47B0-B876-E9D6D1D396D6}
	EndGlobalSection
	GlobalSection(ExtensibilityGlobals) = postSolution
		SolutionGuid = {40B9037B-50FF-4535-BC34-A00CF268B2AB}
	EndGlobalSection
EndGlobal
